// !$*UTF8*$!
{
	archiveVersion = 1;
	classes = {
	};
	objectVersion = 46;
	objects = {

/* Begin PBXBuildFile section */
		1FE846721B0D2D630049D9DF /* main.m in Sources */ = {isa = PBXBuildFile; fileRef = 1FE846711B0D2D630049D9DF /* main.m */; };
		1FE846751B0D2D630049D9DF /* AppDelegate.m in Sources */ = {isa = PBXBuildFile; fileRef = 1FE846741B0D2D630049D9DF /* AppDelegate.m */; };
		1FE846781B0D2D630049D9DF /* ViewController.m in Sources */ = {isa = PBXBuildFile; fileRef = 1FE846771B0D2D630049D9DF /* ViewController.m */; };
		1FE8467B1B0D2D630049D9DF /* Main.storyboard in Resources */ = {isa = PBXBuildFile; fileRef = 1FE846791B0D2D630049D9DF /* Main.storyboard */; };
		1FE8467D1B0D2D630049D9DF /* Images.xcassets in Resources */ = {isa = PBXBuildFile; fileRef = 1FE8467C1B0D2D630049D9DF /* Images.xcassets */; };
		1FE846801B0D2D630049D9DF /* LaunchScreen.xib in Resources */ = {isa = PBXBuildFile; fileRef = 1FE8467E1B0D2D630049D9DF /* LaunchScreen.xib */; };
		1FE8468C1B0D2D630049D9DF /* NavExampleTests.m in Sources */ = {isa = PBXBuildFile; fileRef = 1FE8468B1B0D2D630049D9DF /* NavExampleTests.m */; };
		1FE846971B0D2DCC0049D9DF /* ProfileViewController.m in Sources */ = {isa = PBXBuildFile; fileRef = 1FE846961B0D2DCC0049D9DF /* ProfileViewController.m */; };
		1FE8469A1B0D2DD90049D9DF /* EditProfileViewController.m in Sources */ = {isa = PBXBuildFile; fileRef = 1FE846991B0D2DD90049D9DF /* EditProfileViewController.m */; };
/* End PBXBuildFile section */

/* Begin PBXContainerItemProxy section */
		1FE846861B0D2D630049D9DF /* PBXContainerItemProxy */ = {
			isa = PBXContainerItemProxy;
			containerPortal = 1FE846641B0D2D630049D9DF /* Project object */;
			proxyType = 1;
			remoteGlobalIDString = 1FE8466B1B0D2D630049D9DF;
			remoteInfo = NavExample;
		};
/* End PBXContainerItemProxy section */

/* Begin PBXFileReference section */
		1FE8466C1B0D2D630049D9DF /* NavExample.app */ = {isa = PBXFileReference; explicitFileType = wrapper.application; includeInIndex = 0; path = NavExample.app; sourceTree = BUILT_PRODUCTS_DIR; };
		1FE846701B0D2D630049D9DF /* Info.plist */ = {isa = PBXFileReference; lastKnownFileType = text.plist.xml; path = Info.plist; sourceTree = "<group>"; };
		1FE846711B0D2D630049D9DF /* main.m */ = {isa = PBXFileReference; lastKnownFileType = sourcecode.c.objc; path = main.m; sourceTree = "<group>"; };
		1FE846731B0D2D630049D9DF /* AppDelegate.h */ = {isa = PBXFileReference; lastKnownFileType = sourcecode.c.h; path = AppDelegate.h; sourceTree = "<group>"; };
		1FE846741B0D2D630049D9DF /* AppDelegate.m */ = {isa = PBXFileReference; lastKnownFileType = sourcecode.c.objc; path = AppDelegate.m; sourceTree = "<group>"; };
		1FE846761B0D2D630049D9DF /* ViewController.h */ = {isa = PBXFileReference; lastKnownFileType = sourcecode.c.h; path = ViewController.h; sourceTree = "<group>"; };
		1FE846771B0D2D630049D9DF /* ViewController.m */ = {isa = PBXFileReference; lastKnownFileType = sourcecode.c.objc; path = ViewController.m; sourceTree = "<group>"; };
		1FE8467A1B0D2D630049D9DF /* Base */ = {isa = PBXFileReference; lastKnownFileType = file.storyboard; name = Base; path = Base.lproj/Main.storyboard; sourceTree = "<group>"; };
		1FE8467C1B0D2D630049D9DF /* Images.xcassets */ = {isa = PBXFileReference; lastKnownFileType = folder.assetcatalog; path = Images.xcassets; sourceTree = "<group>"; };
		1FE8467F1B0D2D630049D9DF /* Base */ = {isa = PBXFileReference; lastKnownFileType = file.xib; name = Base; path = Base.lproj/LaunchScreen.xib; sourceTree = "<group>"; };
		1FE846851B0D2D630049D9DF /* NavExampleTests.xctest */ = {isa = PBXFileReference; explicitFileType = wrapper.cfbundle; includeInIndex = 0; path = NavExampleTests.xctest; sourceTree = BUILT_PRODUCTS_DIR; };
		1FE8468A1B0D2D630049D9DF /* Info.plist */ = {isa = PBXFileReference; lastKnownFileType = text.plist.xml; path = Info.plist; sourceTree = "<group>"; };
		1FE8468B1B0D2D630049D9DF /* NavExampleTests.m */ = {isa = PBXFileReference; lastKnownFileType = sourcecode.c.objc; path = NavExampleTests.m; sourceTree = "<group>"; };
		1FE846951B0D2DCC0049D9DF /* ProfileViewController.h */ = {isa = PBXFileReference; fileEncoding = 4; lastKnownFileType = sourcecode.c.h; name = ProfileViewController.h; path = ../ProfileViewController.h; sourceTree = "<group>"; };
		1FE846961B0D2DCC0049D9DF /* ProfileViewController.m */ = {isa = PBXFileReference; fileEncoding = 4; lastKnownFileType = sourcecode.c.objc; name = ProfileViewController.m; path = ../ProfileViewController.m; sourceTree = "<group>"; };
		1FE846981B0D2DD90049D9DF /* EditProfileViewController.h */ = {isa = PBXFileReference; fileEncoding = 4; lastKnownFileType = sourcecode.c.h; name = EditProfileViewController.h; path = ../EditProfileViewController.h; sourceTree = "<group>"; };
		1FE846991B0D2DD90049D9DF /* EditProfileViewController.m */ = {isa = PBXFileReference; fileEncoding = 4; lastKnownFileType = sourcecode.c.objc; name = EditProfileViewController.m; path = ../EditProfileViewController.m; sourceTree = "<group>"; };
/* End PBXFileReference section */

/* Begin PBXFrameworksBuildPhase section */
		1FE846691B0D2D630049D9DF /* Frameworks */ = {
			isa = PBXFrameworksBuildPhase;
			buildActionMask = 2147483647;
			files = (
			);
			runOnlyForDeploymentPostprocessing = 0;
		};
		1FE846821B0D2D630049D9DF /* Frameworks */ = {
			isa = PBXFrameworksBuildPhase;
			buildActionMask = 2147483647;
			files = (
			);
			runOnlyForDeploymentPostprocessing = 0;
		};
/* End PBXFrameworksBuildPhase section */

/* Begin PBXGroup section */
		1FE846631B0D2D630049D9DF = {
			isa = PBXGroup;
			children = (
				1FE8466E1B0D2D630049D9DF /* NavExample */,
				1FE846881B0D2D630049D9DF /* NavExampleTests */,
				1FE8466D1B0D2D630049D9DF /* Products */,
			);
			sourceTree = "<group>";
		};
		1FE8466D1B0D2D630049D9DF /* Products */ = {
			isa = PBXGroup;
			children = (
				1FE8466C1B0D2D630049D9DF /* NavExample.app */,
				1FE846851B0D2D630049D9DF /* NavExampleTests.xctest */,
			);
			name = Products;
			sourceTree = "<group>";
		};
		1FE8466E1B0D2D630049D9DF /* NavExample */ = {
			isa = PBXGroup;
			children = (
				1FE846981B0D2DD90049D9DF /* EditProfileViewController.h */,
				1FE846991B0D2DD90049D9DF /* EditProfileViewController.m */,
				1FE846951B0D2DCC0049D9DF /* ProfileViewController.h */,
				1FE846961B0D2DCC0049D9DF /* ProfileViewController.m */,
				1FE846731B0D2D630049D9DF /* AppDelegate.h */,
				1FE846741B0D2D630049D9DF /* AppDelegate.m */,
				1FE846761B0D2D630049D9DF /* ViewController.h */,
				1FE846771B0D2D630049D9DF /* ViewController.m */,
				1FE846791B0D2D630049D9DF /* Main.storyboard */,
				1FE8467C1B0D2D630049D9DF /* Images.xcassets */,
				1FE8467E1B0D2D630049D9DF /* LaunchScreen.xib */,
				1FE8466F1B0D2D630049D9DF /* Supporting Files */,
			);
			path = NavExample;
			sourceTree = "<group>";
		};
		1FE8466F1B0D2D630049D9DF /* Supporting Files */ = {
			isa = PBXGroup;
			children = (
				1FE846701B0D2D630049D9DF /* Info.plist */,
				1FE846711B0D2D630049D9DF /* main.m */,
			);
			name = "Supporting Files";
			sourceTree = "<group>";
		};
		1FE846881B0D2D630049D9DF /* NavExampleTests */ = {
			isa = PBXGroup;
			children = (
				1FE8468B1B0D2D630049D9DF /* NavExampleTests.m */,
				1FE846891B0D2D630049D9DF /* Supporting Files */,
			);
			path = NavExampleTests;
			sourceTree = "<group>";
		};
		1FE846891B0D2D630049D9DF /* Supporting Files */ = {
			isa = PBXGroup;
			children = (
				1FE8468A1B0D2D630049D9DF /* Info.plist */,
			);
			name = "Supporting Files";
			sourceTree = "<group>";
		};
/* End PBXGroup section */

/* Begin PBXNativeTarget section */
		1FE8466B1B0D2D630049D9DF /* NavExample */ = {
			isa = PBXNativeTarget;
			buildConfigurationList = 1FE8468F1B0D2D630049D9DF /* Build configuration list for PBXNativeTarget "NavExample" */;
			buildPhases = (
				1FE846681B0D2D630049D9DF /* Sources */,
				1FE846691B0D2D630049D9DF /* Frameworks */,
				1FE8466A1B0D2D630049D9DF /* Resources */,
			);
			buildRules = (
			);
			dependencies = (
			);
			name = NavExample;
			productName = NavExample;
			productReference = 1FE8466C1B0D2D630049D9DF /* NavExample.app */;
			productType = "com.apple.product-type.application";
		};
		1FE846841B0D2D630049D9DF /* NavExampleTests */ = {
			isa = PBXNativeTarget;
			buildConfigurationList = 1FE846921B0D2D630049D9DF /* Build configuration list for PBXNativeTarget "NavExampleTests" */;
			buildPhases = (
				1FE846811B0D2D630049D9DF /* Sources */,
				1FE846821B0D2D630049D9DF /* Frameworks */,
				1FE846831B0D2D630049D9DF /* Resources */,
			);
			buildRules = (
			);
			dependencies = (
				1FE846871B0D2D630049D9DF /* PBXTargetDependency */,
			);
			name = NavExampleTests;
			productName = NavExampleTests;
			productReference = 1FE846851B0D2D630049D9DF /* NavExampleTests.xctest */;
			productType = "com.apple.product-type.bundle.unit-test";
		};
/* End PBXNativeTarget section */

/* Begin PBXProject section */
		1FE846641B0D2D630049D9DF /* Project object */ = {
			isa = PBXProject;
			attributes = {
				LastUpgradeCheck = 0630;
				ORGANIZATIONNAME = "Marcel Rebouças";
				TargetAttributes = {
					1FE8466B1B0D2D630049D9DF = {
						CreatedOnToolsVersion = 6.3.1;
					};
					1FE846841B0D2D630049D9DF = {
						CreatedOnToolsVersion = 6.3.1;
						TestTargetID = 1FE8466B1B0D2D630049D9DF;
					};
				};
			};
			buildConfigurationList = 1FE846671B0D2D630049D9DF /* Build configuration list for PBXProject "NavExample" */;
			compatibilityVersion = "Xcode 3.2";
			developmentRegion = English;
			hasScannedForEncodings = 0;
			knownRegions = (
				en,
				Base,
			);
			mainGroup = 1FE846631B0D2D630049D9DF;
			productRefGroup = 1FE8466D1B0D2D630049D9DF /* Products */;
			projectDirPath = "";
			projectRoot = "";
			targets = (
				1FE8466B1B0D2D630049D9DF /* NavExample */,
				1FE846841B0D2D630049D9DF /* NavExampleTests */,
			);
		};
/* End PBXProject section */

/* Begin PBXResourcesBuildPhase section */
		1FE8466A1B0D2D630049D9DF /* Resources */ = {
			isa = PBXResourcesBuildPhase;
			buildActionMask = 2147483647;
			files = (
				1FE8467B1B0D2D630049D9DF /* Main.storyboard in Resources */,
				1FE846801B0D2D630049D9DF /* LaunchScreen.xib in Resources */,
				1FE8467D1B0D2D630049D9DF /* Images.xcassets in Resources */,
			);
			runOnlyForDeploymentPostprocessing = 0;
		};
		1FE846831B0D2D630049D9DF /* Resources */ = {
			isa = PBXResourcesBuildPhase;
			buildActionMask = 2147483647;
			files = (
			);
			runOnlyForDeploymentPostprocessing = 0;
		};
/* End PBXResourcesBuildPhase section */

/* Begin PBXSourcesBuildPhase section */
		1FE846681B0D2D630049D9DF /* Sources */ = {
			isa = PBXSourcesBuildPhase;
			buildActionMask = 2147483647;
			files = (
				1FE846781B0D2D630049D9DF /* ViewController.m in Sources */,
				1FE846751B0D2D630049D9DF /* AppDelegate.m in Sources */,
				1FE8469A1B0D2DD90049D9DF /* EditProfileViewController.m in Sources */,
				1FE846971B0D2DCC0049D9DF /* ProfileViewController.m in Sources */,
				1FE846721B0D2D630049D9DF /* main.m in Sources */,
			);
			runOnlyForDeploymentPostprocessing = 0;
		};
		1FE846811B0D2D630049D9DF /* Sources */ = {
			isa = PBXSourcesBuildPhase;
			buildActionMask = 2147483647;
			files = (
				1FE8468C1B0D2D630049D9DF /* NavExampleTests.m in Sources */,
			);
			runOnlyForDeploymentPostprocessing = 0;
		};
/* End PBXSourcesBuildPhase section */

/* Begin PBXTargetDependency section */
		1FE846871B0D2D630049D9DF /* PBXTargetDependency */ = {
			isa = PBXTargetDependency;
			target = 1FE8466B1B0D2D630049D9DF /* NavExample */;
			targetProxy = 1FE846861B0D2D630049D9DF /* PBXContainerItemProxy */;
		};
/* End PBXTargetDependency section */

/* Begin PBXVariantGroup section */
		1FE846791B0D2D630049D9DF /* Main.storyboard */ = {
			isa = PBXVariantGroup;
			children = (
				1FE8467A1B0D2D630049D9DF /* Base */,
			);
			name = Main.storyboard;
			sourceTree = "<group>";
		};
		1FE8467E1B0D2D630049D9DF /* LaunchScreen.xib */ = {
			isa = PBXVariantGroup;
			children = (
				1FE8467F1B0D2D630049D9DF /* Base */,
			);
			name = LaunchScreen.xib;
			sourceTree = "<group>";
		};
/* End PBXVariantGroup section */

/* Begin XCBuildConfiguration section */
		1FE8468D1B0D2D630049D9DF /* Debug */ = {
			isa = XCBuildConfiguration;
			buildSettings = {
				ALWAYS_SEARCH_USER_PATHS = NO;
				CLANG_CXX_LANGUAGE_STANDARD = "gnu++0x";
				CLANG_CXX_LIBRARY = "libc++";
				CLANG_ENABLE_MODULES = YES;
				CLANG_ENABLE_OBJC_ARC = YES;
				CLANG_WARN_BOOL_CONVERSION = YES;
				CLANG_WARN_CONSTANT_CONVERSION = YES;
				CLANG_WARN_DIRECT_OBJC_ISA_USAGE = YES_ERROR;
				CLANG_WARN_EMPTY_BODY = YES;
				CLANG_WARN_ENUM_CONVERSION = YES;
				CLANG_WARN_INT_CONVERSION = YES;
				CLANG_WARN_OBJC_ROOT_CLASS = YES_ERROR;
				CLANG_WARN_UNREACHABLE_CODE = YES;
				CLANG_WARN__DUPLICATE_METHOD_MATCH = YES;
				"CODE_SIGN_IDENTITY[sdk=iphoneos*]" = "iPhone Developer";
				COPY_PHASE_STRIP = NO;
				DEBUG_INFORMATION_FORMAT = "dwarf-with-dsym";
				ENABLE_STRICT_OBJC_MSGSEND = YES;
				GCC_C_LANGUAGE_STANDARD = gnu99;
				GCC_DYNAMIC_NO_PIC = NO;
				GCC_NO_COMMON_BLOCKS = YES;
				GCC_OPTIMIZATION_LEVEL = 0;
				GCC_PREPROCESSOR_DEFINITIONS = (
					"DEBUG=1",
					"$(inherited)",
				);
				GCC_SYMBOLS_PRIVATE_EXTERN = NO;
				GCC_WARN_64_TO_32_BIT_CONVERSION = YES;
				GCC_WARN_ABOUT_RETURN_TYPE = YES_ERROR;
				GCC_WARN_UNDECLARED_SELECTOR = YES;
				GCC_WARN_UNINITIALIZED_AUTOS = YES_AGGRESSIVE;
				GCC_WARN_UNUSED_FUNCTION = YES;
				GCC_WARN_UNUSED_VARIABLE = YES;
				IPHONEOS_DEPLOYMENT_TARGET = 8.3;
				MTL_ENABLE_DEBUG_INFO = YES;
				ONLY_ACTIVE_ARCH = YES;
				SDKROOT = iphoneos;
			};
			name = Debug;
		};
		1FE8468E1B0D2D630049D9DF /* Release */ = {
			isa = XCBuildConfiguration;
			buildSettings = {
				ALWAYS_SEARCH_USER_PATHS = NO;
				CLANG_CXX_LANGUAGE_STANDARD = "gnu++0x";
				CLANG_CXX_LIBRARY = "libc++";
				CLANG_ENABLE_MODULES = YES;
				CLANG_ENABLE_OBJC_ARC = YES;
				CLANG_WARN_BOOL_CONVERSION = YES;
				CLANG_WARN_CONSTANT_CONVERSION = YES;
				CLANG_WARN_DIRECT_OBJC_ISA_USAGE = YES_ERROR;
				CLANG_WARN_EMPTY_BODY = YES;
				CLANG_WARN_ENUM_CONVERSION = YES;
				CLANG_WARN_INT_CONVERSION = YES;
				CLANG_WARN_OBJC_ROOT_CLASS = YES_ERROR;
				CLANG_WARN_UNREACHABLE_CODE = YES;
				CLANG_WARN__DUPLICATE_METHOD_MATCH = YES;
				"CODE_SIGN_IDENTITY[sdk=iphoneos*]" = "iPhone Developer";
				COPY_PHASE_STRIP = NO;
				DEBUG_INFORMATION_FORMAT = "dwarf-with-dsym";
				ENABLE_NS_ASSERTIONS = NO;
				ENABLE_STRICT_OBJC_MSGSEND = YES;
				GCC_C_LANGUAGE_STANDARD = gnu99;
				GCC_NO_COMMON_BLOCKS = YES;
				GCC_WARN_64_TO_32_BIT_CONVERSION = YES;
				GCC_WARN_ABOUT_RETURN_TYPE = YES_ERROR;
				GCC_WARN_UNDECLARED_SELECTOR = YES;
				GCC_WARN_UNINITIALIZED_AUTOS = YES_AGGRESSIVE;
				GCC_WARN_UNUSED_FUNCTION = YES;
				GCC_WARN_UNUSED_VARIABLE = YES;
				IPHONEOS_DEPLOYMENT_TARGET = 8.3;
				MTL_ENABLE_DEBUG_INFO = NO;
				SDKROOT = iphoneos;
				VALIDATE_PRODUCT = YES;
			};
			name = Release;
		};
		1FE846901B0D2D630049D9DF /* Debug */ = {
			isa = XCBuildConfiguration;
			buildSettings = {
				ASSETCATALOG_COMPILER_APPICON_NAME = AppIcon;
				INFOPLIST_FILE = NavExample/Info.plist;
				LD_RUNPATH_SEARCH_PATHS = "$(inherited) @executable_path/Frameworks";
				PRODUCT_NAME = "$(TARGET_NAME)";
			};
			name = Debug;
		};
		1FE846911B0D2D630049D9DF /* Release */ = {
			isa = XCBuildConfiguration;
			buildSettings = {
				ASSETCATALOG_COMPILER_APPICON_NAME = AppIcon;
				INFOPLIST_FILE = NavExample/Info.plist;
				LD_RUNPATH_SEARCH_PATHS = "$(inherited) @executable_path/Frameworks";
				PRODUCT_NAME = "$(TARGET_NAME)";
			};
			name = Release;
		};
		1FE846931B0D2D630049D9DF /* Debug */ = {
			isa = XCBuildConfiguration;
			buildSettings = {
				BUNDLE_LOADER = "$(TEST_HOST)";
				FRAMEWORK_SEARCH_PATHS = (
					"$(SDKROOT)/Developer/Library/Frameworks",
					"$(inherited)",
				);
				GCC_PREPROCESSOR_DEFINITIONS = (
					"DEBUG=1",
					"$(inherited)",
				);
				INFOPLIST_FILE = NavExampleTests/Info.plist;
				LD_RUNPATH_SEARCH_PATHS = "$(inherited) @executable_path/Frameworks @loader_path/Frameworks";
				PRODUCT_NAME = "$(TARGET_NAME)";
				TEST_HOST = "$(BUILT_PRODUCTS_DIR)/NavExample.app/NavExample";
			};
			name = Debug;
		};
		1FE846941B0D2D630049D9DF /* Release */ = {
			isa = XCBuildConfiguration;
			buildSettings = {
				BUNDLE_LOADER = "$(TEST_HOST)";
				FRAMEWORK_SEARCH_PATHS = (
					"$(SDKROOT)/Developer/Library/Frameworks",
					"$(inherited)",
				);
				INFOPLIST_FILE = NavExampleTests/Info.plist;
				LD_RUNPATH_SEARCH_PATHS = "$(inherited) @executable_path/Frameworks @loader_path/Frameworks";
				PRODUCT_NAME = "$(TARGET_NAME)";
				TEST_HOST = "$(BUILT_PRODUCTS_DIR)/NavExample.app/NavExample";
			};
			name = Release;
		};
/* End XCBuildConfiguration section */

/* Begin XCConfigurationList section */
		1FE846671B0D2D630049D9DF /* Build configuration list for PBXProject "NavExample" */ = {
			isa = XCConfigurationList;
			buildConfigurations = (
				1FE8468D1B0D2D630049D9DF /* Debug */,
				1FE8468E1B0D2D630049D9DF /* Release */,
			);
			defaultConfigurationIsVisible = 0;
			defaultConfigurationName = Release;
		};
		1FE8468F1B0D2D630049D9DF /* Build configuration list for PBXNativeTarget "NavExample" */ = {
			isa = XCConfigurationList;
			buildConfigurations = (
				1FE846901B0D2D630049D9DF /* Debug */,
				1FE846911B0D2D630049D9DF /* Release */,
			);
			defaultConfigurationIsVisible = 0;
		};
		1FE846921B0D2D630049D9DF /* Build configuration list for PBXNativeTarget "NavExampleTests" */ = {
			isa = XCConfigurationList;
			buildConfigurations = (
				1FE846931B0D2D630049D9DF /* Debug */,
				1FE846941B0D2D630049D9DF /* Release */,
			);
			defaultConfigurationIsVisible = 0;
		};
/* End XCConfigurationList section */
	};
	rootObject = 1FE846641B0D2D630049D9DF /* Project object */;
}
